// !$*UTF8*$!
{
	archiveVersion = 1;
	classes = {
	};
	objectVersion = 46;
	objects = {

/* Begin PBXBuildFile section */
		E5338FA01D3F7F4800DF433A /* main.m in Sources */ = {isa = PBXBuildFile; fileRef = E5338F9F1D3F7F4800DF433A /* main.m */; };
		E5338FA31D3F7F4800DF433A /* AppDelegate.m in Sources */ = {isa = PBXBuildFile; fileRef = E5338FA21D3F7F4800DF433A /* AppDelegate.m */; };
		E5338FA61D3F7F4800DF433A /* ViewController.m in Sources */ = {isa = PBXBuildFile; fileRef = E5338FA51D3F7F4800DF433A /* ViewController.m */; };
		E5338FAB1D3F7F4800DF433A /* Assets.xcassets in Resources */ = {isa = PBXBuildFile; fileRef = E5338FAA1D3F7F4800DF433A /* Assets.xcassets */; };
		E5338FAE1D3F7F4800DF433A /* LaunchScreen.storyboard in Resources */ = {isa = PBXBuildFile; fileRef = E5338FAC1D3F7F4800DF433A /* LaunchScreen.storyboard */; };
		E5338FB71D40986400DF433A /* GoogleService-Info.plist in Resources */ = {isa = PBXBuildFile; fileRef = E5338FB61D40986400DF433A /* GoogleService-Info.plist */; };
		EC86B6301980A39309C95A46 /* Pods_iOS8_FCM.framework in Frameworks */ = {isa = PBXBuildFile; fileRef = 5520498635A71FF35C34DDA8 /* Pods_iOS8_FCM.framework */; };
/* End PBXBuildFile section */

/* Begin PBXFileReference section */
		5520498635A71FF35C34DDA8 /* Pods_iOS8_FCM.framework */ = {isa = PBXFileReference; explicitFileType = wrapper.framework; includeInIndex = 0; path = Pods_iOS8_FCM.framework; sourceTree = BUILT_PRODUCTS_DIR; };
		C8208AD339C6852D3454F584 /* Pods-iOS8-FCM.release.xcconfig */ = {isa = PBXFileReference; includeInIndex = 1; lastKnownFileType = text.xcconfig; name = "Pods-iOS8-FCM.release.xcconfig"; path = "Pods/Target Support Files/Pods-iOS8-FCM/Pods-iOS8-FCM.release.xcconfig"; sourceTree = "<group>"; };
		DA0B613DABC70072B8FBB654 /* Pods-iOS8-FCM.debug.xcconfig */ = {isa = PBXFileReference; includeInIndex = 1; lastKnownFileType = text.xcconfig; name = "Pods-iOS8-FCM.debug.xcconfig"; path = "Pods/Target Support Files/Pods-iOS8-FCM/Pods-iOS8-FCM.debug.xcconfig"; sourceTree = "<group>"; };
		E5338F9B1D3F7F4800DF433A /* iOS8-FCM.app */ = {isa = PBXFileReference; explicitFileType = wrapper.application; includeInIndex = 0; path = "iOS8-FCM.app"; sourceTree = BUILT_PRODUCTS_DIR; };
		E5338F9F1D3F7F4800DF433A /* main.m */ = {isa = PBXFileReference; lastKnownFileType = sourcecode.c.objc; path = main.m; sourceTree = "<group>"; };
		E5338FA11D3F7F4800DF433A /* AppDelegate.h */ = {isa = PBXFileReference; lastKnownFileType = sourcecode.c.h; path = AppDelegate.h; sourceTree = "<group>"; };
		E5338FA21D3F7F4800DF433A /* AppDelegate.m */ = {isa = PBXFileReference; lastKnownFileType = sourcecode.c.objc; path = AppDelegate.m; sourceTree = "<group>"; };
		E5338FA41D3F7F4800DF433A /* ViewController.h */ = {isa = PBXFileReference; lastKnownFileType = sourcecode.c.h; path = ViewController.h; sourceTree = "<group>"; };
		E5338FA51D3F7F4800DF433A /* ViewController.m */ = {isa = PBXFileReference; lastKnownFileType = sourcecode.c.objc; path = ViewController.m; sourceTree = "<group>"; };
		E5338FAA1D3F7F4800DF433A /* Assets.xcassets */ = {isa = PBXFileReference; lastKnownFileType = folder.assetcatalog; path = Assets.xcassets; sourceTree = "<group>"; };
		E5338FAD1D3F7F4800DF433A /* Base */ = {isa = PBXFileReference; lastKnownFileType = file.storyboard; name = Base; path = Base.lproj/LaunchScreen.storyboard; sourceTree = "<group>"; };
		E5338FAF1D3F7F4800DF433A /* Info.plist */ = {isa = PBXFileReference; lastKnownFileType = text.plist.xml; path = Info.plist; sourceTree = "<group>"; };
		E5338FB61D40986400DF433A /* GoogleService-Info.plist */ = {isa = PBXFileReference; fileEncoding = 4; lastKnownFileType = text.plist.xml; name = "GoogleService-Info.plist"; path = "config/GoogleService-Info.plist"; sourceTree = "<group>"; };
/* End PBXFileReference section */

/* Begin PBXFrameworksBuildPhase section */
		E5338F981D3F7F4800DF433A /* Frameworks */ = {
			isa = PBXFrameworksBuildPhase;
			buildActionMask = 2147483647;
			files = (
				EC86B6301980A39309C95A46 /* Pods_iOS8_FCM.framework in Frameworks */,
			);
			runOnlyForDeploymentPostprocessing = 0;
		};
/* End PBXFrameworksBuildPhase section */

/* Begin PBXGroup section */
		371809CB08EF9DC7A579736E /* Frameworks */ = {
			isa = PBXGroup;
			children = (
				5520498635A71FF35C34DDA8 /* Pods_iOS8_FCM.framework */,
			);
			name = Frameworks;
			sourceTree = "<group>";
		};
		68D3A4715A140E47811DB20F /* Pods */ = {
			isa = PBXGroup;
			children = (
				DA0B613DABC70072B8FBB654 /* Pods-iOS8-FCM.debug.xcconfig */,
				C8208AD339C6852D3454F584 /* Pods-iOS8-FCM.release.xcconfig */,
			);
			name = Pods;
			sourceTree = "<group>";
		};
		E5338F921D3F7F4800DF433A = {
			isa = PBXGroup;
			children = (
				E5338F9D1D3F7F4800DF433A /* iOS8-FCM */,
				E5338F9C1D3F7F4800DF433A /* Products */,
				68D3A4715A140E47811DB20F /* Pods */,
				371809CB08EF9DC7A579736E /* Frameworks */,
			);
			sourceTree = "<group>";
		};
		E5338F9C1D3F7F4800DF433A /* Products */ = {
			isa = PBXGroup;
			children = (
				E5338F9B1D3F7F4800DF433A /* iOS8-FCM.app */,
			);
			name = Products;
			sourceTree = "<group>";
		};
		E5338F9D1D3F7F4800DF433A /* iOS8-FCM */ = {
			isa = PBXGroup;
			children = (
				E5338FA11D3F7F4800DF433A /* AppDelegate.h */,
				E5338FA21D3F7F4800DF433A /* AppDelegate.m */,
				E5338FA41D3F7F4800DF433A /* ViewController.h */,
				E5338FA51D3F7F4800DF433A /* ViewController.m */,
				E5338FAA1D3F7F4800DF433A /* Assets.xcassets */,
				E5338FAC1D3F7F4800DF433A /* LaunchScreen.storyboard */,
				E5338F9E1D3F7F4800DF433A /* Supporting Files */,
			);
			path = "iOS8-FCM";
			sourceTree = "<group>";
		};
		E5338F9E1D3F7F4800DF433A /* Supporting Files */ = {
			isa = PBXGroup;
			children = (
				E5338FB51D40985600DF433A /* config */,
				E5338F9F1D3F7F4800DF433A /* main.m */,
			);
			name = "Supporting Files";
			sourceTree = "<group>";
		};
		E5338FB51D40985600DF433A /* config */ = {
			isa = PBXGroup;
			children = (
				E5338FB61D40986400DF433A /* GoogleService-Info.plist */,
				E5338FAF1D3F7F4800DF433A /* Info.plist */,
			);
			name = config;
			sourceTree = "<group>";
		};
/* End PBXGroup section */

/* Begin PBXNativeTarget section */
		E5338F9A1D3F7F4800DF433A /* iOS8-FCM */ = {
			isa = PBXNativeTarget;
			buildConfigurationList = E5338FB21D3F7F4800DF433A /* Build configuration list for PBXNativeTarget "iOS8-FCM" */;
			buildPhases = (
				6A99CE856B24FCF2DD02D484 /* Check Pods Manifest.lock */,
				E5338F971D3F7F4800DF433A /* Sources */,
				E5338F981D3F7F4800DF433A /* Frameworks */,
				E5338F991D3F7F4800DF433A /* Resources */,
				64C5DB24A73B3E83884FC0D6 /* Embed Pods Frameworks */,
				2C0B69097B86FFD4F72CF652 /* Copy Pods Resources */,
			);
			buildRules = (
			);
			dependencies = (
			);
			name = "iOS8-FCM";
			productName = "iOS8-FCM";
			productReference = E5338F9B1D3F7F4800DF433A /* iOS8-FCM.app */;
			productType = "com.apple.product-type.application";
		};
/* End PBXNativeTarget section */

/* Begin PBXProject section */
		E5338F931D3F7F4800DF433A /* Project object */ = {
			isa = PBXProject;
			attributes = {
				LastUpgradeCheck = 0730;
				ORGANIZATIONNAME = Fabio;
				TargetAttributes = {
					E5338F9A1D3F7F4800DF433A = {
						CreatedOnToolsVersion = 7.3.1;
						DevelopmentTeam = H2T348L9SA;
						SystemCapabilities = {
							com.apple.BackgroundModes = {
								enabled = 1;
							};
							com.apple.Push = {
								enabled = 1;
							};
						};
					};
				};
			};
			buildConfigurationList = E5338F961D3F7F4800DF433A /* Build configuration list for PBXProject "iOS8-FCM" */;
			compatibilityVersion = "Xcode 3.2";
			developmentRegion = English;
			hasScannedForEncodings = 0;
			knownRegions = (
				en,
				Base,
			);
			mainGroup = E5338F921D3F7F4800DF433A;
			productRefGroup = E5338F9C1D3F7F4800DF433A /* Products */;
			projectDirPath = "";
			projectRoot = "";
			targets = (
				E5338F9A1D3F7F4800DF433A /* iOS8-FCM */,
			);
		};
/* End PBXProject section */

/* Begin PBXResourcesBuildPhase section */
		E5338F991D3F7F4800DF433A /* Resources */ = {
			isa = PBXResourcesBuildPhase;
			buildActionMask = 2147483647;
			files = (
				E5338FAE1D3F7F4800DF433A /* LaunchScreen.storyboard in Resources */,
				E5338FAB1D3F7F4800DF433A /* Assets.xcassets in Resources */,
				E5338FB71D40986400DF433A /* GoogleService-Info.plist in Resources */,
			);
			runOnlyForDeploymentPostprocessing = 0;
		};
/* End PBXResourcesBuildPhase section */

/* Begin PBXShellScriptBuildPhase section */
		2C0B69097B86FFD4F72CF652 /* Copy Pods Resources */ = {
			isa = PBXShellScriptBuildPhase;
			buildActionMask = 2147483647;
			files = (
			);
			inputPaths = (
			);
			name = "Copy Pods Resources";
			outputPaths = (
			);
			runOnlyForDeploymentPostprocessing = 0;
			shellPath = /bin/sh;
			shellScript = "\"${SRCROOT}/Pods/Target Support Files/Pods-iOS8-FCM/Pods-iOS8-FCM-resources.sh\"\n";
			showEnvVarsInLog = 0;
		};
		64C5DB24A73B3E83884FC0D6 /* Embed Pods Frameworks */ = {
			isa = PBXShellScriptBuildPhase;
			buildActionMask = 2147483647;
			files = (
			);
			inputPaths = (
			);
			name = "Embed Pods Frameworks";
			outputPaths = (
			);
			runOnlyForDeploymentPostprocessing = 0;
			shellPath = /bin/sh;
			shellScript = "\"${SRCROOT}/Pods/Target Support Files/Pods-iOS8-FCM/Pods-iOS8-FCM-frameworks.sh\"\n";
			showEnvVarsInLog = 0;
		};
		6A99CE856B24FCF2DD02D484 /* Check Pods Manifest.lock */ = {
			isa = PBXShellScriptBuildPhase;
			buildActionMask = 2147483647;
			files = (
			);
			inputPaths = (
			);
			name = "Check Pods Manifest.lock";
			outputPaths = (
			);
			runOnlyForDeploymentPostprocessing = 0;
			shellPath = /bin/sh;
			shellScript = "diff \"${PODS_ROOT}/../Podfile.lock\" \"${PODS_ROOT}/Manifest.lock\" > /dev/null\nif [[ $? != 0 ]] ; then\n    cat << EOM\nerror: The sandbox is not in sync with the Podfile.lock. Run 'pod install' or update your CocoaPods installation.\nEOM\n    exit 1\nfi\n";
			showEnvVarsInLog = 0;
		};
/* End PBXShellScriptBuildPhase section */

/* Begin PBXSourcesBuildPhase section */
		E5338F971D3F7F4800DF433A /* Sources */ = {
			isa = PBXSourcesBuildPhase;
			buildActionMask = 2147483647;
			files = (
				E5338FA61D3F7F4800DF433A /* ViewController.m in Sources */,
				E5338FA31D3F7F4800DF433A /* AppDelegate.m in Sources */,
				E5338FA01D3F7F4800DF433A /* main.m in Sources */,
			);
			runOnlyForDeploymentPostprocessing = 0;
		};
/* End PBXSourcesBuildPhase section */

/* Begin PBXVariantGroup section */
		E5338FAC1D3F7F4800DF433A /* LaunchScreen.storyboard */ = {
			isa = PBXVariantGroup;
			children = (
				E5338FAD1D3F7F4800DF433A /* Base */,
			);
			name = LaunchScreen.storyboard;
			sourceTree = "<group>";
		};
/* End PBXVariantGroup section */

/* Begin XCBuildConfiguration section */
		E5338FB01D3F7F4800DF433A /* Debug */ = {
			isa = XCBuildConfiguration;
			buildSettings = {
				ALWAYS_SEARCH_USER_PATHS = NO;
				CLANG_ANALYZER_NONNULL = YES;
				CLANG_CXX_LANGUAGE_STANDARD = "gnu++0x";
				CLANG_CXX_LIBRARY = "libc++";
				CLANG_ENABLE_MODULES = YES;
				CLANG_ENABLE_OBJC_ARC = YES;
				CLANG_WARN_BOOL_CONVERSION = YES;
				CLANG_WARN_CONSTANT_CONVERSION = YES;
				CLANG_WARN_DIRECT_OBJC_ISA_USAGE = YES_ERROR;
				CLANG_WARN_EMPTY_BODY = YES;
				CLANG_WARN_ENUM_CONVERSION = YES;
				CLANG_WARN_INT_CONVERSION = YES;
				CLANG_WARN_OBJC_ROOT_CLASS = YES_ERROR;
				CLANG_WARN_UNREACHABLE_CODE = YES;
				CLANG_WARN__DUPLICATE_METHOD_MATCH = YES;
				"CODE_SIGN_IDENTITY[sdk=iphoneos*]" = "iPhone Developer";
				COPY_PHASE_STRIP = NO;
				DEBUG_INFORMATION_FORMAT = dwarf;
				ENABLE_STRICT_OBJC_MSGSEND = YES;
				ENABLE_TESTABILITY = YES;
				GCC_C_LANGUAGE_STANDARD = gnu99;
				GCC_DYNAMIC_NO_PIC = NO;
				GCC_NO_COMMON_BLOCKS = YES;
				GCC_OPTIMIZATION_LEVEL = 0;
				GCC_PREPROCESSOR_DEFINITIONS = (
					"DEBUG=1",
					"$(inherited)",
				);
				GCC_WARN_64_TO_32_BIT_CONVERSION = YES;
				GCC_WARN_ABOUT_RETURN_TYPE = YES_ERROR;
				GCC_WARN_UNDECLARED_SELECTOR = YES;
				GCC_WARN_UNINITIALIZED_AUTOS = YES_AGGRESSIVE;
				GCC_WARN_UNUSED_FUNCTION = YES;
				GCC_WARN_UNUSED_VARIABLE = YES;
				IPHONEOS_DEPLOYMENT_TARGET = 9.3;
				MTL_ENABLE_DEBUG_INFO = YES;
				ONLY_ACTIVE_ARCH = YES;
				SDKROOT = iphoneos;
				TARGETED_DEVICE_FAMILY = "1,2";
			};
			name = Debug;
		};
		E5338FB11D3F7F4800DF433A /* Release */ = {
			isa = XCBuildConfiguration;
			buildSettings = {
				ALWAYS_SEARCH_USER_PATHS = NO;
				CLANG_ANALYZER_NONNULL = YES;
				CLANG_CXX_LANGUAGE_STANDARD = "gnu++0x";
				CLANG_CXX_LIBRARY = "libc++";
				CLANG_ENABLE_MODULES = YES;
				CLANG_ENABLE_OBJC_ARC = YES;
				CLANG_WARN_BOOL_CONVERSION = YES;
				CLANG_WARN_CONSTANT_CONVERSION = YES;
				CLANG_WARN_DIRECT_OBJC_ISA_USAGE = YES_ERROR;
				CLANG_WARN_EMPTY_BODY = YES;
				CLANG_WARN_ENUM_CONVERSION = YES;
				CLANG_WARN_INT_CONVERSION = YES;
				CLANG_WARN_OBJC_ROOT_CLASS = YES_ERROR;
				CLANG_WARN_UNREACHABLE_CODE = YES;
				CLANG_WARN__DUPLICATE_METHOD_MATCH = YES;
				"CODE_SIGN_IDENTITY[sdk=iphoneos*]" = "iPhone Developer";
				COPY_PHASE_STRIP = NO;
				DEBUG_INFORMATION_FORMAT = "dwarf-with-dsym";
				ENABLE_NS_ASSERTIONS = NO;
				ENABLE_STRICT_OBJC_MSGSEND = YES;
				GCC_C_LANGUAGE_STANDARD = gnu99;
				GCC_NO_COMMON_BLOCKS = YES;
				GCC_WARN_64_TO_32_BIT_CONVERSION = YES;
				GCC_WARN_ABOUT_RETURN_TYPE = YES_ERROR;
				GCC_WARN_UNDECLARED_SELECTOR = YES;
				GCC_WARN_UNINITIALIZED_AUTOS = YES_AGGRESSIVE;
				GCC_WARN_UNUSED_FUNCTION = YES;
				GCC_WARN_UNUSED_VARIABLE = YES;
				IPHONEOS_DEPLOYMENT_TARGET = 9.3;
				MTL_ENABLE_DEBUG_INFO = NO;
				SDKROOT = iphoneos;
				TARGETED_DEVICE_FAMILY = "1,2";
				VALIDATE_PRODUCT = YES;
			};
			name = Release;
		};
		E5338FB31D3F7F4800DF433A /* Debug */ = {
			isa = XCBuildConfiguration;
			baseConfigurationReference = DA0B613DABC70072B8FBB654 /* Pods-iOS8-FCM.debug.xcconfig */;
			buildSettings = {
				ASSETCATALOG_COMPILER_APPICON_NAME = AppIcon;
				CODE_SIGN_IDENTITY = "iPhone Developer";
				"CODE_SIGN_IDENTITY[sdk=iphoneos*]" = "iPhone Developer";
				INFOPLIST_FILE = "iOS8-FCM/Info.plist";
				IPHONEOS_DEPLOYMENT_TARGET = 8.0;
				LD_RUNPATH_SEARCH_PATHS = "$(inherited) @executable_path/Frameworks";
				PRODUCT_BUNDLE_IDENTIFIER = "com.fabio.iOS8-FCM";
				PRODUCT_NAME = "$(TARGET_NAME)";
				PROVISIONING_PROFILE = "";
			};
			name = Debug;
		};
		E5338FB41D3F7F4800DF433A /* Release */ = {
			isa = XCBuildConfiguration;
			baseConfigurationReference = C8208AD339C6852D3454F584 /* Pods-iOS8-FCM.release.xcconfig */;
			buildSettings = {
				ASSETCATALOG_COMPILER_APPICON_NAME = AppIcon;
				CODE_SIGN_IDENTITY = "iPhone Developer";
				"CODE_SIGN_IDENTITY[sdk=iphoneos*]" = "iPhone Developer";
				INFOPLIST_FILE = "iOS8-FCM/Info.plist";
				IPHONEOS_DEPLOYMENT_TARGET = 8.0;
				LD_RUNPATH_SEARCH_PATHS = "$(inherited) @executable_path/Frameworks";
				PRODUCT_BUNDLE_IDENTIFIER = "com.fabio.iOS8-FCM";
				PRODUCT_NAME = "$(TARGET_NAME)";
				PROVISIONING_PROFILE = "";
			};
			name = Release;
		};
/* End XCBuildConfiguration section */

/* Begin XCConfigurationList section */
		E5338F961D3F7F4800DF433A /* Build configuration list for PBXProject "iOS8-FCM" */ = {
			isa = XCConfigurationList;
			buildConfigurations = (
				E5338FB01D3F7F4800DF433A /* Debug */,
				E5338FB11D3F7F4800DF433A /* Release */,
			);
			defaultConfigurationIsVisible = 0;
			defaultConfigurationName = Release;
		};
		E5338FB21D3F7F4800DF433A /* Build configuration list for PBXNativeTarget "iOS8-FCM" */ = {
			isa = XCConfigurationList;
			buildConfigurations = (
				E5338FB31D3F7F4800DF433A /* Debug */,
				E5338FB41D3F7F4800DF433A /* Release */,
			);
			defaultConfigurationIsVisible = 0;
			defaultConfigurationName = Release;
		};
/* End XCConfigurationList section */
	};
	rootObject = E5338F931D3F7F4800DF433A /* Project object */;
}
